# This file is automatically @generated by Cargo.
# It is not intended for manual editing.
version = 3

[[package]]
name = "projekt2"
version = "0.1.0"
dependencies = [
 "svg",
]

[[package]]
name = "svg"
version = "0.11.0"
source = "registry+https://github.com/rust-lang/crates.io-index"
checksum = "054ac6f620dfcaa8bf028e5831809f716091e9748fb34d9cfc23e64020e7c270"
