
Microsoft Visual Studio Solution File, Format Version 12.00
# Visual Studio Version 17
VisualStudioVersion = 17.11.35327.3
MinimumVisualStudioVersion = 10.0.40219.1
Project("{FAE04EC0-301F-11D3-BF4B-00C04F79EFBC}") = "WebApplication2", "WebApplication2\WebApplication2.csproj", "{FEBAA119-B966-44BE-9D1E-E7E7EA3CBDCD}"
EndProject
Global
	GlobalSection(SolutionConfigurationPlatforms) = preSolution
		Debug|Any CPU = Debug|Any CPU
		Release|Any CPU = Release|Any CPU
	EndGlobalSection
	GlobalSection(ProjectConfigurationPlatforms) = postSolution
		{FEBAA119-B966-44BE-9D1E-E7E7EA3CBDCD}.Debug|Any CPU.ActiveCfg = Debug|Any CPU
		{FEBAA119-B966-44BE-9D1E-E7E7EA3CBDCD}.Debug|Any CPU.Build.0 = Debug|Any CPU
		{FEBAA119-B966-44BE-9D1E-E7E7EA3CBDCD}.Release|Any CPU.ActiveCfg = Release|Any CPU
		{FEBAA119-B966-44BE-9D1E-E7E7EA3CBDCD}.Release|Any CPU.Build.0 = Release|Any CPU
	EndGlobalSection
	GlobalSection(SolutionProperties) = preSolution
		HideSolutionNode = FALSE
	EndGlobalSection
	GlobalSection(ExtensibilityGlobals) = postSolution
		SolutionGuid = {4351848A-0FD3-435E-929C-B0B5AF0652BC}
	EndGlobalSection
EndGlobal
