
Microsoft Visual Studio Solution File, Format Version 12.00
# Visual Studio Version 17
VisualStudioVersion = 17.11.35327.3
MinimumVisualStudioVersion = 10.0.40219.1
Project("{FAE04EC0-301F-11D3-BF4B-00C04F79EFBC}") = "WebApplication1", "WebApplication1\WebApplication1.csproj", "{F062FD10-FD84-4C5B-A4F0-5D75158D9179}"
EndProject
Global
	GlobalSection(SolutionConfigurationPlatforms) = preSolution
		Debug|Any CPU = Debug|Any CPU
		Release|Any CPU = Release|Any CPU
	EndGlobalSection
	GlobalSection(ProjectConfigurationPlatforms) = postSolution
		{F062FD10-FD84-4C5B-A4F0-5D75158D9179}.Debug|Any CPU.ActiveCfg = Debug|Any CPU
		{F062FD10-FD84-4C5B-A4F0-5D75158D9179}.Debug|Any CPU.Build.0 = Debug|Any CPU
		{F062FD10-FD84-4C5B-A4F0-5D75158D9179}.Release|Any CPU.ActiveCfg = Release|Any CPU
		{F062FD10-FD84-4C5B-A4F0-5D75158D9179}.Release|Any CPU.Build.0 = Release|Any CPU
	EndGlobalSection
	GlobalSection(SolutionProperties) = preSolution
		HideSolutionNode = FALSE
	EndGlobalSection
	GlobalSection(ExtensibilityGlobals) = postSolution
		SolutionGuid = {E5ECCA7E-88CB-4ABA-836E-1A3BECF2CF5D}
	EndGlobalSection
EndGlobal
