
Microsoft Visual Studio Solution File, Format Version 12.00
# Visual Studio Version 17
VisualStudioVersion = 17.11.35327.3
MinimumVisualStudioVersion = 10.0.40219.1
Project("{FAE04EC0-301F-11D3-BF4B-00C04F79EFBC}") = "WebApplication1", "WebApplication1\WebApplication1.csproj", "{ACC76AF4-7C2C-44E0-8D38-CF867508E8FC}"
EndProject
Global
	GlobalSection(SolutionConfigurationPlatforms) = preSolution
		Debug|Any CPU = Debug|Any CPU
		Release|Any CPU = Release|Any CPU
	EndGlobalSection
	GlobalSection(ProjectConfigurationPlatforms) = postSolution
		{ACC76AF4-7C2C-44E0-8D38-CF867508E8FC}.Debug|Any CPU.ActiveCfg = Debug|Any CPU
		{ACC76AF4-7C2C-44E0-8D38-CF867508E8FC}.Debug|Any CPU.Build.0 = Debug|Any CPU
		{ACC76AF4-7C2C-44E0-8D38-CF867508E8FC}.Release|Any CPU.ActiveCfg = Release|Any CPU
		{ACC76AF4-7C2C-44E0-8D38-CF867508E8FC}.Release|Any CPU.Build.0 = Release|Any CPU
	EndGlobalSection
	GlobalSection(SolutionProperties) = preSolution
		HideSolutionNode = FALSE
	EndGlobalSection
	GlobalSection(ExtensibilityGlobals) = postSolution
		SolutionGuid = {71EC667A-CC2A-4276-9D5E-7C134A213FE6}
	EndGlobalSection
EndGlobal
